
Microsoft Visual Studio Solution File, Format Version 12.00
# Visual Studio Version 17
VisualStudioVersion = 17.3.32804.467
MinimumVisualStudioVersion = 10.0.40219.1
Project("{9A19103F-16F7-4668-BE54-9A1E7A4F7556}") = "Farm", "Farm\Farm.csproj", "{195C759A-F477-4186-B00F-EB5D2B6E2269}"
EndProject
Project("{2150E333-8FDC-42A3-9474-1A3956D46DE8}") = "Inheritance", "Inheritance", "{4E52EE88-26E8-414A-9998-3446F89A0A5A}"
EndProject
Project("{9A19103F-16F7-4668-BE54-9A1E7A4F7556}") = "CustomRandomList", "RandomList\CustomRandomList.csproj", "{A4CEC8C3-F52A-4978-A38F-18F1391460B5}"
EndProject
Project("{9A19103F-16F7-4668-BE54-9A1E7A4F7556}") = "CustomStack", "CustomStack\CustomStack.csproj", "{1F49BE8C-7F06-4B0D-B31D-E8080623358C}"
EndProject
Project("{9A19103F-16F7-4668-BE54-9A1E7A4F7556}") = "Person", "Person\Person.csproj", "{63AEEE22-CECF-49DE-ABA1-BE1B79C3FE65}"
EndProject
Project("{9A19103F-16F7-4668-BE54-9A1E7A4F7556}") = "Zoo", "Zoo\Zoo.csproj", "{F871C4DE-5268-4FCF-86B4-33710409F8FA}"
EndProject
Project("{9A19103F-16F7-4668-BE54-9A1E7A4F7556}") = "PlayersAndMonsters", "PlayersAndMonsters\PlayersAndMonsters.csproj", "{F9B04D9C-C338-4BF4-8074-8B4DB31079CC}"
EndProject
Project("{9A19103F-16F7-4668-BE54-9A1E7A4F7556}") = "NeedForSpeed", "NeedForSpeed\NeedForSpeed.csproj", "{1A0332F6-54DE-455B-B166-9CA88532996F}"
EndProject
Project("{9A19103F-16F7-4668-BE54-9A1E7A4F7556}") = "Restaurant", "Restaurant\Restaurant.csproj", "{90DC47DA-732B-4E86-A639-3782D17F8866}"
EndProject
Project("{2150E333-8FDC-42A3-9474-1A3956D46DE8}") = "Encapsulation", "Encapsulation", "{32CDF01B-8AF0-4546-AF93-37B8ED275FA0}"
EndProject
Project("{9A19103F-16F7-4668-BE54-9A1E7A4F7556}") = "PersonsInfo", "SortPersonsByNameThenAge\PersonsInfo.csproj", "{9CBA8BC2-6CC0-45DE-96B1-134FB7E87622}"
EndProject
Project("{9A19103F-16F7-4668-BE54-9A1E7A4F7556}") = "ClassBoxData", "ClassBoxData\ClassBoxData.csproj", "{C4A1FEBF-FDEA-44B0-A3B6-3E86A763EC6F}"
EndProject
Project("{9A19103F-16F7-4668-BE54-9A1E7A4F7556}") = "AnimalFarm", "AnimalFarm\AnimalFarm.csproj", "{B674F6E2-0B0A-477C-A40E-4B4348F5BF5F}"
EndProject
Project("{9A19103F-16F7-4668-BE54-9A1E7A4F7556}") = "ShoppingSpree", "ShoppingSpree\ShoppingSpree.csproj", "{179C841C-9F71-49AE-AF3C-C00E20F32237}"
EndProject
Project("{9A19103F-16F7-4668-BE54-9A1E7A4F7556}") = "PizzaCalories", "PizzaCalories\PizzaCalories.csproj", "{8F8D65B0-44F8-44A5-AF0E-6E450056F87C}"
EndProject
Project("{2150E333-8FDC-42A3-9474-1A3956D46DE8}") = "InterfacesAndAbstraction", "InterfacesAndAbstraction", "{97C3C3ED-1CE9-4838-924D-E5AA43304D20}"
EndProject
Project("{9A19103F-16F7-4668-BE54-9A1E7A4F7556}") = "Shapes", "Shapes\Shapes.csproj", "{B2E72A99-BD81-464D-90AB-ED5BC1EA8B0A}"
EndProject
Project("{9A19103F-16F7-4668-BE54-9A1E7A4F7556}") = "Car", "Car\Car.csproj", "{3FD516AB-DD19-41E3-AC5C-7DA05ED5D525}"
EndProject
Project("{9A19103F-16F7-4668-BE54-9A1E7A4F7556}") = "PersonInfo", "PersonInfo\PersonInfo.csproj", "{060C774A-8C32-4D71-AD0E-48E484C5C7F9}"
EndProject
Project("{9A19103F-16F7-4668-BE54-9A1E7A4F7556}") = "Telephony", "Telephony\Telephony.csproj", "{A06426DF-464B-429F-96E2-554559D1C2A8}"
EndProject
Project("{9A19103F-16F7-4668-BE54-9A1E7A4F7556}") = "BorderControl", "BorderControl\BorderControl.csproj", "{0EE186BA-60A2-4537-8C9D-0AA076088E28}"
EndProject
Project("{2150E333-8FDC-42A3-9474-1A3956D46DE8}") = "Polymorphism", "Polymorphism", "{398FB225-5DEC-4673-B2FD-1C1B7CF1A641}"
EndProject
Project("{9A19103F-16F7-4668-BE54-9A1E7A4F7556}") = "MathsOperations", "MathsOperations\MathsOperations.csproj", "{7359344D-F3F8-456F-87F5-38059431CEB6}"
EndProject
Project("{9A19103F-16F7-4668-BE54-9A1E7A4F7556}") = "Animals", "Animals\Animals.csproj", "{B945D094-1A02-4EDB-BFA1-5EE001FFFE40}"
EndProject
Project("{9A19103F-16F7-4668-BE54-9A1E7A4F7556}") = "Shape", "Shape\Shape.csproj", "{E3CE0D44-D74A-4EC1-9D88-FC10CE394634}"
EndProject
Project("{9A19103F-16F7-4668-BE54-9A1E7A4F7556}") = "Vehicles", "Vehicles\Vehicles.csproj", "{1A0DF455-DE42-44DD-8D11-CC477E850832}"
EndProject
Project("{9A19103F-16F7-4668-BE54-9A1E7A4F7556}") = "Raiding", "Raiding\Raiding.csproj", "{98D0DC9C-961B-47A5-A857-DD18F0A39779}"
EndProject
Project("{9A19103F-16F7-4668-BE54-9A1E7A4F7556}") = "WildFarm", "WildFarm\WildFarm.csproj", "{A8342C52-2478-419C-9414-641F2D04B277}"
EndProject
Project("{2150E333-8FDC-42A3-9474-1A3956D46DE8}") = "ExceptionHandling", "ExceptionHandling", "{DAC2270D-510D-45F8-856D-7E8EFA532895}"
EndProject
Project("{FAE04EC0-301F-11D3-BF4B-00C04F79EFBC}") = "SquareRoot", "SquareRoot\SquareRoot.csproj", "{B95C2E96-C33C-4524-B410-B16F3723562E}"
EndProject
Project("{FAE04EC0-301F-11D3-BF4B-00C04F79EFBC}") = "EnterNumbers", "EnterNumbers\EnterNumbers.csproj", "{616965B4-95C9-4C0C-99DD-EEF002675F2C}"
EndProject
Project("{FAE04EC0-301F-11D3-BF4B-00C04F79EFBC}") = "Cards", "Cards\Cards.csproj", "{80F2EDAC-2F8A-4D2D-AD88-6237F84E3438}"
EndProject
Global
	GlobalSection(SolutionConfigurationPlatforms) = preSolution
		Debug|Any CPU = Debug|Any CPU
		Release|Any CPU = Release|Any CPU
	EndGlobalSection
	GlobalSection(ProjectConfigurationPlatforms) = postSolution
		{195C759A-F477-4186-B00F-EB5D2B6E2269}.Debug|Any CPU.ActiveCfg = Debug|Any CPU
		{195C759A-F477-4186-B00F-EB5D2B6E2269}.Debug|Any CPU.Build.0 = Debug|Any CPU
		{195C759A-F477-4186-B00F-EB5D2B6E2269}.Release|Any CPU.ActiveCfg = Release|Any CPU
		{195C759A-F477-4186-B00F-EB5D2B6E2269}.Release|Any CPU.Build.0 = Release|Any CPU
		{A4CEC8C3-F52A-4978-A38F-18F1391460B5}.Debug|Any CPU.ActiveCfg = Debug|Any CPU
		{A4CEC8C3-F52A-4978-A38F-18F1391460B5}.Debug|Any CPU.Build.0 = Debug|Any CPU
		{A4CEC8C3-F52A-4978-A38F-18F1391460B5}.Release|Any CPU.ActiveCfg = Release|Any CPU
		{A4CEC8C3-F52A-4978-A38F-18F1391460B5}.Release|Any CPU.Build.0 = Release|Any CPU
		{1F49BE8C-7F06-4B0D-B31D-E8080623358C}.Debug|Any CPU.ActiveCfg = Debug|Any CPU
		{1F49BE8C-7F06-4B0D-B31D-E8080623358C}.Debug|Any CPU.Build.0 = Debug|Any CPU
		{1F49BE8C-7F06-4B0D-B31D-E8080623358C}.Release|Any CPU.ActiveCfg = Release|Any CPU
		{1F49BE8C-7F06-4B0D-B31D-E8080623358C}.Release|Any CPU.Build.0 = Release|Any CPU
		{63AEEE22-CECF-49DE-ABA1-BE1B79C3FE65}.Debug|Any CPU.ActiveCfg = Debug|Any CPU
		{63AEEE22-CECF-49DE-ABA1-BE1B79C3FE65}.Debug|Any CPU.Build.0 = Debug|Any CPU
		{63AEEE22-CECF-49DE-ABA1-BE1B79C3FE65}.Release|Any CPU.ActiveCfg = Release|Any CPU
		{63AEEE22-CECF-49DE-ABA1-BE1B79C3FE65}.Release|Any CPU.Build.0 = Release|Any CPU
		{F871C4DE-5268-4FCF-86B4-33710409F8FA}.Debug|Any CPU.ActiveCfg = Debug|Any CPU
		{F871C4DE-5268-4FCF-86B4-33710409F8FA}.Debug|Any CPU.Build.0 = Debug|Any CPU
		{F871C4DE-5268-4FCF-86B4-33710409F8FA}.Release|Any CPU.ActiveCfg = Release|Any CPU
		{F871C4DE-5268-4FCF-86B4-33710409F8FA}.Release|Any CPU.Build.0 = Release|Any CPU
		{F9B04D9C-C338-4BF4-8074-8B4DB31079CC}.Debug|Any CPU.ActiveCfg = Debug|Any CPU
		{F9B04D9C-C338-4BF4-8074-8B4DB31079CC}.Debug|Any CPU.Build.0 = Debug|Any CPU
		{F9B04D9C-C338-4BF4-8074-8B4DB31079CC}.Release|Any CPU.ActiveCfg = Release|Any CPU
		{F9B04D9C-C338-4BF4-8074-8B4DB31079CC}.Release|Any CPU.Build.0 = Release|Any CPU
		{1A0332F6-54DE-455B-B166-9CA88532996F}.Debug|Any CPU.ActiveCfg = Debug|Any CPU
		{1A0332F6-54DE-455B-B166-9CA88532996F}.Debug|Any CPU.Build.0 = Debug|Any CPU
		{1A0332F6-54DE-455B-B166-9CA88532996F}.Release|Any CPU.ActiveCfg = Release|Any CPU
		{1A0332F6-54DE-455B-B166-9CA88532996F}.Release|Any CPU.Build.0 = Release|Any CPU
		{90DC47DA-732B-4E86-A639-3782D17F8866}.Debug|Any CPU.ActiveCfg = Debug|Any CPU
		{90DC47DA-732B-4E86-A639-3782D17F8866}.Debug|Any CPU.Build.0 = Debug|Any CPU
		{90DC47DA-732B-4E86-A639-3782D17F8866}.Release|Any CPU.ActiveCfg = Release|Any CPU
		{90DC47DA-732B-4E86-A639-3782D17F8866}.Release|Any CPU.Build.0 = Release|Any CPU
		{9CBA8BC2-6CC0-45DE-96B1-134FB7E87622}.Debug|Any CPU.ActiveCfg = Debug|Any CPU
		{9CBA8BC2-6CC0-45DE-96B1-134FB7E87622}.Debug|Any CPU.Build.0 = Debug|Any CPU
		{9CBA8BC2-6CC0-45DE-96B1-134FB7E87622}.Release|Any CPU.ActiveCfg = Release|Any CPU
		{9CBA8BC2-6CC0-45DE-96B1-134FB7E87622}.Release|Any CPU.Build.0 = Release|Any CPU
		{C4A1FEBF-FDEA-44B0-A3B6-3E86A763EC6F}.Debug|Any CPU.ActiveCfg = Debug|Any CPU
		{C4A1FEBF-FDEA-44B0-A3B6-3E86A763EC6F}.Debug|Any CPU.Build.0 = Debug|Any CPU
		{C4A1FEBF-FDEA-44B0-A3B6-3E86A763EC6F}.Release|Any CPU.ActiveCfg = Release|Any CPU
		{C4A1FEBF-FDEA-44B0-A3B6-3E86A763EC6F}.Release|Any CPU.Build.0 = Release|Any CPU
		{B674F6E2-0B0A-477C-A40E-4B4348F5BF5F}.Debug|Any CPU.ActiveCfg = Debug|Any CPU
		{B674F6E2-0B0A-477C-A40E-4B4348F5BF5F}.Debug|Any CPU.Build.0 = Debug|Any CPU
		{B674F6E2-0B0A-477C-A40E-4B4348F5BF5F}.Release|Any CPU.ActiveCfg = Release|Any CPU
		{B674F6E2-0B0A-477C-A40E-4B4348F5BF5F}.Release|Any CPU.Build.0 = Release|Any CPU
		{179C841C-9F71-49AE-AF3C-C00E20F32237}.Debug|Any CPU.ActiveCfg = Debug|Any CPU
		{179C841C-9F71-49AE-AF3C-C00E20F32237}.Debug|Any CPU.Build.0 = Debug|Any CPU
		{179C841C-9F71-49AE-AF3C-C00E20F32237}.Release|Any CPU.ActiveCfg = Release|Any CPU
		{179C841C-9F71-49AE-AF3C-C00E20F32237}.Release|Any CPU.Build.0 = Release|Any CPU
		{8F8D65B0-44F8-44A5-AF0E-6E450056F87C}.Debug|Any CPU.ActiveCfg = Debug|Any CPU
		{8F8D65B0-44F8-44A5-AF0E-6E450056F87C}.Debug|Any CPU.Build.0 = Debug|Any CPU
		{8F8D65B0-44F8-44A5-AF0E-6E450056F87C}.Release|Any CPU.ActiveCfg = Release|Any CPU
		{8F8D65B0-44F8-44A5-AF0E-6E450056F87C}.Release|Any CPU.Build.0 = Release|Any CPU
		{B2E72A99-BD81-464D-90AB-ED5BC1EA8B0A}.Debug|Any CPU.ActiveCfg = Debug|Any CPU
		{B2E72A99-BD81-464D-90AB-ED5BC1EA8B0A}.Debug|Any CPU.Build.0 = Debug|Any CPU
		{B2E72A99-BD81-464D-90AB-ED5BC1EA8B0A}.Release|Any CPU.ActiveCfg = Release|Any CPU
		{B2E72A99-BD81-464D-90AB-ED5BC1EA8B0A}.Release|Any CPU.Build.0 = Release|Any CPU
		{3FD516AB-DD19-41E3-AC5C-7DA05ED5D525}.Debug|Any CPU.ActiveCfg = Debug|Any CPU
		{3FD516AB-DD19-41E3-AC5C-7DA05ED5D525}.Debug|Any CPU.Build.0 = Debug|Any CPU
		{3FD516AB-DD19-41E3-AC5C-7DA05ED5D525}.Release|Any CPU.ActiveCfg = Release|Any CPU
		{3FD516AB-DD19-41E3-AC5C-7DA05ED5D525}.Release|Any CPU.Build.0 = Release|Any CPU
		{060C774A-8C32-4D71-AD0E-48E484C5C7F9}.Debug|Any CPU.ActiveCfg = Debug|Any CPU
		{060C774A-8C32-4D71-AD0E-48E484C5C7F9}.Debug|Any CPU.Build.0 = Debug|Any CPU
		{060C774A-8C32-4D71-AD0E-48E484C5C7F9}.Release|Any CPU.ActiveCfg = Release|Any CPU
		{060C774A-8C32-4D71-AD0E-48E484C5C7F9}.Release|Any CPU.Build.0 = Release|Any CPU
		{A06426DF-464B-429F-96E2-554559D1C2A8}.Debug|Any CPU.ActiveCfg = Debug|Any CPU
		{A06426DF-464B-429F-96E2-554559D1C2A8}.Debug|Any CPU.Build.0 = Debug|Any CPU
		{A06426DF-464B-429F-96E2-554559D1C2A8}.Release|Any CPU.ActiveCfg = Release|Any CPU
		{A06426DF-464B-429F-96E2-554559D1C2A8}.Release|Any CPU.Build.0 = Release|Any CPU
		{0EE186BA-60A2-4537-8C9D-0AA076088E28}.Debug|Any CPU.ActiveCfg = Debug|Any CPU
		{0EE186BA-60A2-4537-8C9D-0AA076088E28}.Debug|Any CPU.Build.0 = Debug|Any CPU
		{0EE186BA-60A2-4537-8C9D-0AA076088E28}.Release|Any CPU.ActiveCfg = Release|Any CPU
		{0EE186BA-60A2-4537-8C9D-0AA076088E28}.Release|Any CPU.Build.0 = Release|Any CPU
		{7359344D-F3F8-456F-87F5-38059431CEB6}.Debug|Any CPU.ActiveCfg = Debug|Any CPU
		{7359344D-F3F8-456F-87F5-38059431CEB6}.Debug|Any CPU.Build.0 = Debug|Any CPU
		{7359344D-F3F8-456F-87F5-38059431CEB6}.Release|Any CPU.ActiveCfg = Release|Any CPU
		{7359344D-F3F8-456F-87F5-38059431CEB6}.Release|Any CPU.Build.0 = Release|Any CPU
		{B945D094-1A02-4EDB-BFA1-5EE001FFFE40}.Debug|Any CPU.ActiveCfg = Debug|Any CPU
		{B945D094-1A02-4EDB-BFA1-5EE001FFFE40}.Debug|Any CPU.Build.0 = Debug|Any CPU
		{B945D094-1A02-4EDB-BFA1-5EE001FFFE40}.Release|Any CPU.ActiveCfg = Release|Any CPU
		{B945D094-1A02-4EDB-BFA1-5EE001FFFE40}.Release|Any CPU.Build.0 = Release|Any CPU
		{E3CE0D44-D74A-4EC1-9D88-FC10CE394634}.Debug|Any CPU.ActiveCfg = Debug|Any CPU
		{E3CE0D44-D74A-4EC1-9D88-FC10CE394634}.Debug|Any CPU.Build.0 = Debug|Any CPU
		{E3CE0D44-D74A-4EC1-9D88-FC10CE394634}.Release|Any CPU.ActiveCfg = Release|Any CPU
		{E3CE0D44-D74A-4EC1-9D88-FC10CE394634}.Release|Any CPU.Build.0 = Release|Any CPU
		{1A0DF455-DE42-44DD-8D11-CC477E850832}.Debug|Any CPU.ActiveCfg = Debug|Any CPU
		{1A0DF455-DE42-44DD-8D11-CC477E850832}.Debug|Any CPU.Build.0 = Debug|Any CPU
		{1A0DF455-DE42-44DD-8D11-CC477E850832}.Release|Any CPU.ActiveCfg = Release|Any CPU
		{1A0DF455-DE42-44DD-8D11-CC477E850832}.Release|Any CPU.Build.0 = Release|Any CPU
		{98D0DC9C-961B-47A5-A857-DD18F0A39779}.Debug|Any CPU.ActiveCfg = Debug|Any CPU
		{98D0DC9C-961B-47A5-A857-DD18F0A39779}.Debug|Any CPU.Build.0 = Debug|Any CPU
		{98D0DC9C-961B-47A5-A857-DD18F0A39779}.Release|Any CPU.ActiveCfg = Release|Any CPU
		{98D0DC9C-961B-47A5-A857-DD18F0A39779}.Release|Any CPU.Build.0 = Release|Any CPU
		{A8342C52-2478-419C-9414-641F2D04B277}.Debug|Any CPU.ActiveCfg = Debug|Any CPU
		{A8342C52-2478-419C-9414-641F2D04B277}.Debug|Any CPU.Build.0 = Debug|Any CPU
		{A8342C52-2478-419C-9414-641F2D04B277}.Release|Any CPU.ActiveCfg = Release|Any CPU
		{A8342C52-2478-419C-9414-641F2D04B277}.Release|Any CPU.Build.0 = Release|Any CPU
		{B95C2E96-C33C-4524-B410-B16F3723562E}.Debug|Any CPU.ActiveCfg = Debug|Any CPU
		{B95C2E96-C33C-4524-B410-B16F3723562E}.Debug|Any CPU.Build.0 = Debug|Any CPU
		{B95C2E96-C33C-4524-B410-B16F3723562E}.Release|Any CPU.ActiveCfg = Release|Any CPU
		{B95C2E96-C33C-4524-B410-B16F3723562E}.Release|Any CPU.Build.0 = Release|Any CPU
		{616965B4-95C9-4C0C-99DD-EEF002675F2C}.Debug|Any CPU.ActiveCfg = Debug|Any CPU
		{616965B4-95C9-4C0C-99DD-EEF002675F2C}.Debug|Any CPU.Build.0 = Debug|Any CPU
		{616965B4-95C9-4C0C-99DD-EEF002675F2C}.Release|Any CPU.ActiveCfg = Release|Any CPU
		{616965B4-95C9-4C0C-99DD-EEF002675F2C}.Release|Any CPU.Build.0 = Release|Any CPU
		{80F2EDAC-2F8A-4D2D-AD88-6237F84E3438}.Debug|Any CPU.ActiveCfg = Debug|Any CPU
		{80F2EDAC-2F8A-4D2D-AD88-6237F84E3438}.Debug|Any CPU.Build.0 = Debug|Any CPU
		{80F2EDAC-2F8A-4D2D-AD88-6237F84E3438}.Release|Any CPU.ActiveCfg = Release|Any CPU
		{80F2EDAC-2F8A-4D2D-AD88-6237F84E3438}.Release|Any CPU.Build.0 = Release|Any CPU
	EndGlobalSection
	GlobalSection(SolutionProperties) = preSolution
		HideSolutionNode = FALSE
	EndGlobalSection
	GlobalSection(NestedProjects) = preSolution
		{195C759A-F477-4186-B00F-EB5D2B6E2269} = {4E52EE88-26E8-414A-9998-3446F89A0A5A}
		{A4CEC8C3-F52A-4978-A38F-18F1391460B5} = {4E52EE88-26E8-414A-9998-3446F89A0A5A}
		{1F49BE8C-7F06-4B0D-B31D-E8080623358C} = {4E52EE88-26E8-414A-9998-3446F89A0A5A}
		{63AEEE22-CECF-49DE-ABA1-BE1B79C3FE65} = {4E52EE88-26E8-414A-9998-3446F89A0A5A}
		{F871C4DE-5268-4FCF-86B4-33710409F8FA} = {4E52EE88-26E8-414A-9998-3446F89A0A5A}
		{F9B04D9C-C338-4BF4-8074-8B4DB31079CC} = {4E52EE88-26E8-414A-9998-3446F89A0A5A}
		{1A0332F6-54DE-455B-B166-9CA88532996F} = {4E52EE88-26E8-414A-9998-3446F89A0A5A}
		{90DC47DA-732B-4E86-A639-3782D17F8866} = {4E52EE88-26E8-414A-9998-3446F89A0A5A}
		{9CBA8BC2-6CC0-45DE-96B1-134FB7E87622} = {32CDF01B-8AF0-4546-AF93-37B8ED275FA0}
		{C4A1FEBF-FDEA-44B0-A3B6-3E86A763EC6F} = {32CDF01B-8AF0-4546-AF93-37B8ED275FA0}
		{B674F6E2-0B0A-477C-A40E-4B4348F5BF5F} = {32CDF01B-8AF0-4546-AF93-37B8ED275FA0}
		{179C841C-9F71-49AE-AF3C-C00E20F32237} = {32CDF01B-8AF0-4546-AF93-37B8ED275FA0}
		{8F8D65B0-44F8-44A5-AF0E-6E450056F87C} = {32CDF01B-8AF0-4546-AF93-37B8ED275FA0}
		{B2E72A99-BD81-464D-90AB-ED5BC1EA8B0A} = {97C3C3ED-1CE9-4838-924D-E5AA43304D20}
		{3FD516AB-DD19-41E3-AC5C-7DA05ED5D525} = {97C3C3ED-1CE9-4838-924D-E5AA43304D20}
		{060C774A-8C32-4D71-AD0E-48E484C5C7F9} = {97C3C3ED-1CE9-4838-924D-E5AA43304D20}
		{A06426DF-464B-429F-96E2-554559D1C2A8} = {97C3C3ED-1CE9-4838-924D-E5AA43304D20}
		{0EE186BA-60A2-4537-8C9D-0AA076088E28} = {97C3C3ED-1CE9-4838-924D-E5AA43304D20}
		{7359344D-F3F8-456F-87F5-38059431CEB6} = {398FB225-5DEC-4673-B2FD-1C1B7CF1A641}
		{B945D094-1A02-4EDB-BFA1-5EE001FFFE40} = {398FB225-5DEC-4673-B2FD-1C1B7CF1A641}
		{E3CE0D44-D74A-4EC1-9D88-FC10CE394634} = {398FB225-5DEC-4673-B2FD-1C1B7CF1A641}
		{1A0DF455-DE42-44DD-8D11-CC477E850832} = {398FB225-5DEC-4673-B2FD-1C1B7CF1A641}
		{98D0DC9C-961B-47A5-A857-DD18F0A39779} = {398FB225-5DEC-4673-B2FD-1C1B7CF1A641}
		{A8342C52-2478-419C-9414-641F2D04B277} = {398FB225-5DEC-4673-B2FD-1C1B7CF1A641}
		{B95C2E96-C33C-4524-B410-B16F3723562E} = {DAC2270D-510D-45F8-856D-7E8EFA532895}
		{616965B4-95C9-4C0C-99DD-EEF002675F2C} = {DAC2270D-510D-45F8-856D-7E8EFA532895}
		{80F2EDAC-2F8A-4D2D-AD88-6237F84E3438} = {DAC2270D-510D-45F8-856D-7E8EFA532895}
	EndGlobalSection
	GlobalSection(ExtensibilityGlobals) = postSolution
		SolutionGuid = {367E8581-6315-4034-B11B-19E6D0E45442}
	EndGlobalSection
EndGlobal
